{
  "version": 4,
  "terraform_version": "1.9.5",
  "serial": 13,
  "lineage": "2e7112e8-b7bf-251f-3666-fef0dc13322a",
  "outputs": {},
  "resources": [
    {
      "mode": "managed",
      "type": "digitalocean_droplet",
      "name": "LinuxWebserver",
      "provider": "provider[\"registry.terraform.io/digitalocean/digitalocean\"]",
      "instances": [
        {
          "schema_version": 1,
          "attributes": {
            "backups": false,
            "created_at": "2024-10-09T18:27:07Z",
            "disk": 25,
            "droplet_agent": null,
            "graceful_shutdown": false,
            "id": "450556126",
            "image": "ubuntu-20-04-x64",
            "ipv4_address": "188.166.178.153",
            "ipv4_address_private": "10.104.0.2",
            "ipv6": false,
            "ipv6_address": "",
            "locked": false,
            "memory": 1024,
            "monitoring": false,
            "name": "WebServer",
            "price_hourly": 0.00893,
            "price_monthly": 6,
            "private_networking": true,
            "region": "sgp1",
            "resize_disk": true,
            "size": "s-1vcpu-1gb",
            "ssh_keys": [
              "43674187"
            ],
            "status": "active",
            "tags": [],
            "timeouts": null,
            "urn": "do:droplet:450556126",
            "user_data": "8499df6556d427f6ab9f4faf2fc7ee04b1b41079",
            "vcpus": 1,
            "volume_ids": [],
            "vpc_uuid": "415226c7-b526-43b1-b77d-e11b0c9117bd"
          },
          "sensitive_attributes": [],
          "private": "eyJlMmJmYjczMC1lY2FhLTExZTYtOGY4OC0zNDM2M2JjN2M0YzAiOnsiY3JlYXRlIjozNjAwMDAwMDAwMDAwLCJkZWxldGUiOjYwMDAwMDAwMDAwLCJ1cGRhdGUiOjM2MDAwMDAwMDAwMDB9LCJzY2hlbWFfdmVyc2lvbiI6IjEifQ==",
          "dependencies": [
            "digitalocean_ssh_key.Web"
          ]
        }
      ]
    },
    {
      "mode": "managed",
      "type": "digitalocean_firewall",
      "name": "LinuxWebserver",
      "provider": "provider[\"registry.terraform.io/digitalocean/digitalocean\"]",
      "instances": [
        {
          "schema_version": 0,
          "attributes": {
            "created_at": "2024-10-09T18:36:01Z",
            "droplet_ids": [
              450556126
            ],
            "id": "b31653d0-ed97-4f09-b28c-57251aebb0b8",
            "inbound_rule": [
              {
                "port_range": "",
                "protocol": "icmp",
                "source_addresses": [
                  "0.0.0.0/0",
                  "::/0"
                ],
                "source_droplet_ids": [],
                "source_kubernetes_ids": [],
                "source_load_balancer_uids": [],
                "source_tags": []
              },
              {
                "port_range": "22",
                "protocol": "tcp",
                "source_addresses": [
                  "1.47.25.198"
                ],
                "source_droplet_ids": [],
                "source_kubernetes_ids": [],
                "source_load_balancer_uids": [],
                "source_tags": []
              },
              {
                "port_range": "443",
                "protocol": "tcp",
                "source_addresses": [
                  "0.0.0.0/0",
                  "::/0"
                ],
                "source_droplet_ids": [],
                "source_kubernetes_ids": [],
                "source_load_balancer_uids": [],
                "source_tags": []
              },
              {
                "port_range": "80",
                "protocol": "tcp",
                "source_addresses": [
                  "0.0.0.0/0",
                  "::/0"
                ],
                "source_droplet_ids": [],
                "source_kubernetes_ids": [],
                "source_load_balancer_uids": [],
                "source_tags": []
              }
            ],
            "name": "allow-22-80-and-443",
            "outbound_rule": [
              {
                "destination_addresses": [
                  "0.0.0.0/0",
                  "::/0"
                ],
                "destination_droplet_ids": [],
                "destination_kubernetes_ids": [],
                "destination_load_balancer_uids": [],
                "destination_tags": [],
                "port_range": "",
                "protocol": "icmp"
              },
              {
                "destination_addresses": [
                  "0.0.0.0/0",
                  "::/0"
                ],
                "destination_droplet_ids": [],
                "destination_kubernetes_ids": [],
                "destination_load_balancer_uids": [],
                "destination_tags": [],
                "port_range": "1-65535",
                "protocol": "tcp"
              },
              {
                "destination_addresses": [
                  "0.0.0.0/0",
                  "::/0"
                ],
                "destination_droplet_ids": [],
                "destination_kubernetes_ids": [],
                "destination_load_balancer_uids": [],
                "destination_tags": [],
                "port_range": "53",
                "protocol": "udp"
              }
            ],
            "pending_changes": [
              {
                "droplet_id": 450556126,
                "removing": false,
                "status": "waiting"
              }
            ],
            "status": "waiting",
            "tags": null
          },
          "sensitive_attributes": [],
          "private": "bnVsbA==",
          "dependencies": [
            "digitalocean_droplet.LinuxWebserver",
            "digitalocean_ssh_key.Web"
          ]
        }
      ]
    },
    {
      "mode": "managed",
      "type": "digitalocean_ssh_key",
      "name": "Web",
      "provider": "provider[\"registry.terraform.io/digitalocean/digitalocean\"]",
      "instances": [
        {
          "schema_version": 0,
          "attributes": {
            "fingerprint": "ff:10:ec:36:93:63:3c:46:04:13:61:75:aa:66:36:0b",
            "id": "43674187",
            "name": "Terraform Example",
            "public_key": "ssh-rsa AAAAB3NzaC1yc2EAAAADAQABAAACAQDADFSmA2Pr/a6fr0UDbIGUUovOi7o3SyPoqU0ID6vnoAQHAb5qTmLv5Cad0S4u2BpHIEH/GWriAfuAZCURRliwnvUZ4udT5hG3Ur0SOKrNfMpP6inJbbVymQjCXMXeyqo5PjhmPVXDlXv/+gFLl8rx6VwZWfWpzljIB96wXC2sGWHwpwSYBD9NfHTDYegb8wzKOPXwPor1pJ2756OUtlMW/MkT65rn0FpqCfo+dumisQO/eEUITL+BJBa6QyWeJh2wegt6EXPDxhgEUB5V4w4ylQ3kadbDK50Ji2+satQj8fop7AA0Oe7ZttHh9rm+XESOjL5oQZldR/PF4Hep6IeDFLcjBgim5/Ts7W13Fd0Y0nQ3b1nmh08MJQSjbDuRH0i8hk151OHHtss9IDV8KYrZ6vQUBBJcwMGLI00ItUV/DZ/8aKEKmAyhXgEzcK71Y0jeptKpjlFf5RPyccQRWvdM24UkTkc3AjxdY8IrElV/XwhDW/MkN2rj7pfCRrc21smy+J19mQT8ye0Bp27Sau0/86SQa65+9M/Gx92br8wNeEv+mcfjPdtlnahEQVNGHjKSvbf/NX3te3ZRLYDKpZ2OAgUrnRfnIp9zLRa4xbCTkK3v9/229oquBCdD1p2f8HfKVgVoEAlqL6LTJl4r1r+3mnq20ObFUfC4QQw+ZU4oww== Terraform Webserver",
            "timeouts": null
          },
          "sensitive_attributes": [],
          "private": "eyJlMmJmYjczMC1lY2FhLTExZTYtOGY4OC0zNDM2M2JjN2M0YzAiOnsiY3JlYXRlIjoxMjAwMDAwMDAwMDB9fQ=="
        }
      ]
    }
  ],
  "check_results": null
}
